// !$*UTF8*$!
{
	archiveVersion = 1;
	classes = {
	};
	objectVersion = 46;
	objects = {

/* Begin PBXBuildFile section */
		0635642D8C9376F092678735 /* WidgetKit.framework in Frameworks */ = {isa = PBXBuildFile; fileRef = 89907D6156192A10685CF0C4 /* WidgetKit.framework */; };
		0AFBB93ABA8B2A34F5B7DB15 /* CityPainterCalendarWidget.appex in Embed App Extensions */ = {isa = PBXBuildFile; fileRef = 4D4B0A1E6AF9B1641B042656 /* CityPainterCalendarWidget.appex */; };
		2F4CB28EE7BA79D8AB81B645 /* Foundation.framework in Frameworks */ = {isa = PBXBuildFile; fileRef = B904CE7C9A5D4C98931AF1BB /* Foundation.framework */; };
		343E299DFA9E43D068881DFB /* CityPainterCalendarWidget.swift in Sources */ = {isa = PBXBuildFile; fileRef = 323F26E775BA55F7ACC97054 /* CityPainterCalendarWidget.swift */; };
		5906A01EFEA8A8A7A4ECD879 /* CityPainterCalendarApp.swift in Sources */ = {isa = PBXBuildFile; fileRef = E66F61B5C4B1939BFB50C424 /* CityPainterCalendarApp.swift */; };
		5B5E7E4ECFC5548CD1776891 /* WidgetConfig.swift in Sources */ = {isa = PBXBuildFile; fileRef = 7B471FB89A63731CC496F85D /* WidgetConfig.swift */; };
		65047723D75D977DCB150F7B /* WidgetConfig.swift in Sources */ = {isa = PBXBuildFile; fileRef = 7B471FB89A63731CC496F85D /* WidgetConfig.swift */; };
		67822B57B1922B12DEB57611 /* SwiftUI.framework in Frameworks */ = {isa = PBXBuildFile; fileRef = 8CB398619636FAE6CC894FF7 /* SwiftUI.framework */; };
		C2F74E8BF01385CBAAAF6309 /* Foundation.framework in Frameworks */ = {isa = PBXBuildFile; fileRef = B904CE7C9A5D4C98931AF1BB /* Foundation.framework */; };
		C7557BC706E897481F30E072 /* WebCalendarView.swift in Sources */ = {isa = PBXBuildFile; fileRef = DC255CFEB193721043F12A85 /* WebCalendarView.swift */; };
		D5DF6F8CF2EF9C6DB04BAB1E /* Assets.xcassets in Resources */ = {isa = PBXBuildFile; fileRef = 81D62EE50A8169662F52331F /* Assets.xcassets */; };
		D65C0AF68D94D70E9748E43D /* SwiftUI.framework in Frameworks */ = {isa = PBXBuildFile; fileRef = 741EC308B8AB21E4D0AF5EA9 /* SwiftUI.framework */; };
		DC7436C92A1D67C42DFFB41D /* WebKit.framework in Frameworks */ = {isa = PBXBuildFile; fileRef = B09D090A94B0123267C15480 /* WebKit.framework */; };
		E10D9DFDDDEB0F6959862736 /* WidgetModels.swift in Sources */ = {isa = PBXBuildFile; fileRef = BCF525044400DC7D925D5E60 /* WidgetModels.swift */; };
/* End PBXBuildFile section */

/* Begin PBXContainerItemProxy section */
		06658A1B4343A5DF8BCF1F76 /* PBXContainerItemProxy */ = {
			isa = PBXContainerItemProxy;
			containerPortal = DCC245297E2443D2ABDAB4D4 /* Project object */;
			proxyType = 1;
			remoteGlobalIDString = 2B484789CC565A5BC0AAB0B8;
			remoteInfo = CityPainterCalendarWidget;
		};
/* End PBXContainerItemProxy section */

/* Begin PBXCopyFilesBuildPhase section */
		25C58722D96B148F89CF8532 /* Embed App Extensions */ = {
			isa = PBXCopyFilesBuildPhase;
			buildActionMask = 2147483647;
			dstPath = "";
			dstSubfolderSpec = 13;
			files = (
				0AFBB93ABA8B2A34F5B7DB15 /* CityPainterCalendarWidget.appex in Embed App Extensions */,
			);
			name = "Embed App Extensions";
			runOnlyForDeploymentPostprocessing = 0;
		};
/* End PBXCopyFilesBuildPhase section */

/* Begin PBXFileReference section */
		323F26E775BA55F7ACC97054 /* CityPainterCalendarWidget.swift */ = {isa = PBXFileReference; includeInIndex = 1; lastKnownFileType = sourcecode.swift; path = CityPainterCalendarWidget.swift; sourceTree = "<group>"; };
		4D4B0A1E6AF9B1641B042656 /* CityPainterCalendarWidget.appex */ = {isa = PBXFileReference; explicitFileType = "wrapper.app-extension"; includeInIndex = 0; path = CityPainterCalendarWidget.appex; sourceTree = BUILT_PRODUCTS_DIR; };
		741EC308B8AB21E4D0AF5EA9 /* SwiftUI.framework */ = {isa = PBXFileReference; lastKnownFileType = wrapper.framework; path = SwiftUI.framework; sourceTree = "<group>"; };
		7B471FB89A63731CC496F85D /* WidgetConfig.swift */ = {isa = PBXFileReference; includeInIndex = 1; lastKnownFileType = sourcecode.swift; path = WidgetConfig.swift; sourceTree = "<group>"; };
		81D62EE50A8169662F52331F /* Assets.xcassets */ = {isa = PBXFileReference; includeInIndex = 1; lastKnownFileType = folder.assetcatalog; path = Assets.xcassets; sourceTree = "<group>"; };
		89907D6156192A10685CF0C4 /* WidgetKit.framework */ = {isa = PBXFileReference; lastKnownFileType = wrapper.framework; path = WidgetKit.framework; sourceTree = "<group>"; };
		8CB398619636FAE6CC894FF7 /* SwiftUI.framework */ = {isa = PBXFileReference; lastKnownFileType = wrapper.framework; path = SwiftUI.framework; sourceTree = "<group>"; };
		A0E3AA20F6A376D0EDF4F3EF /* CityPainterCalendarApp.app */ = {isa = PBXFileReference; explicitFileType = wrapper.application; includeInIndex = 0; path = CityPainterCalendarApp.app; sourceTree = BUILT_PRODUCTS_DIR; };
		B09D090A94B0123267C15480 /* WebKit.framework */ = {isa = PBXFileReference; lastKnownFileType = wrapper.framework; path = WebKit.framework; sourceTree = "<group>"; };
		B904CE7C9A5D4C98931AF1BB /* Foundation.framework */ = {isa = PBXFileReference; lastKnownFileType = wrapper.framework; name = Foundation.framework; path = Platforms/iPhoneOS.platform/Developer/SDKs/iPhoneOS18.0.sdk/System/Library/Frameworks/Foundation.framework; sourceTree = DEVELOPER_DIR; };
		BCF525044400DC7D925D5E60 /* WidgetModels.swift */ = {isa = PBXFileReference; includeInIndex = 1; lastKnownFileType = sourcecode.swift; path = WidgetModels.swift; sourceTree = "<group>"; };
		DC255CFEB193721043F12A85 /* WebCalendarView.swift */ = {isa = PBXFileReference; includeInIndex = 1; lastKnownFileType = sourcecode.swift; path = WebCalendarView.swift; sourceTree = "<group>"; };
		E66F61B5C4B1939BFB50C424 /* CityPainterCalendarApp.swift */ = {isa = PBXFileReference; includeInIndex = 1; lastKnownFileType = sourcecode.swift; path = CityPainterCalendarApp.swift; sourceTree = "<group>"; };
/* End PBXFileReference section */

/* Begin PBXFrameworksBuildPhase section */
		3A1F1446E57D0FE81E7B1917 /* Frameworks */ = {
			isa = PBXFrameworksBuildPhase;
			buildActionMask = 2147483647;
			files = (
				2F4CB28EE7BA79D8AB81B645 /* Foundation.framework in Frameworks */,
				67822B57B1922B12DEB57611 /* SwiftUI.framework in Frameworks */,
				0635642D8C9376F092678735 /* WidgetKit.framework in Frameworks */,
			);
			runOnlyForDeploymentPostprocessing = 0;
		};
		9368E3F18E77317CD1A894F2 /* Frameworks */ = {
			isa = PBXFrameworksBuildPhase;
			buildActionMask = 2147483647;
			files = (
				C2F74E8BF01385CBAAAF6309 /* Foundation.framework in Frameworks */,
				D65C0AF68D94D70E9748E43D /* SwiftUI.framework in Frameworks */,
				DC7436C92A1D67C42DFFB41D /* WebKit.framework in Frameworks */,
			);
			runOnlyForDeploymentPostprocessing = 0;
		};
/* End PBXFrameworksBuildPhase section */

/* Begin PBXGroup section */
		0C19A0A844B710C00540D541 /* Shared */ = {
			isa = PBXGroup;
			children = (
				7B471FB89A63731CC496F85D /* WidgetConfig.swift */,
			);
			name = Shared;
			path = Shared;
			sourceTree = "<group>";
		};
		2826AC16C99336BF04E3CDA6 = {
			isa = PBXGroup;
			children = (
				33DE20873BD54073CA08118A /* Products */,
				62B31F5890810A927578DB5F /* Frameworks */,
				9EFE0852B26AE4148603A3BF /* CityPainterCalendarApp */,
				E2F6CAC3E7925B50BDF453A0 /* CityPainterCalendarWidget */,
				0C19A0A844B710C00540D541 /* Shared */,
			);
			sourceTree = "<group>";
		};
		33DE20873BD54073CA08118A /* Products */ = {
			isa = PBXGroup;
			children = (
				A0E3AA20F6A376D0EDF4F3EF /* CityPainterCalendarApp.app */,
				4D4B0A1E6AF9B1641B042656 /* CityPainterCalendarWidget.appex */,
			);
			name = Products;
			sourceTree = "<group>";
		};
		62B31F5890810A927578DB5F /* Frameworks */ = {
			isa = PBXGroup;
			children = (
				9E96BE5B57C7EDC8D69C2858 /* iOS */,
				741EC308B8AB21E4D0AF5EA9 /* SwiftUI.framework */,
				8CB398619636FAE6CC894FF7 /* SwiftUI.framework */,
				B09D090A94B0123267C15480 /* WebKit.framework */,
				89907D6156192A10685CF0C4 /* WidgetKit.framework */,
			);
			name = Frameworks;
			sourceTree = "<group>";
		};
		9E96BE5B57C7EDC8D69C2858 /* iOS */ = {
			isa = PBXGroup;
			children = (
				B904CE7C9A5D4C98931AF1BB /* Foundation.framework */,
			);
			name = iOS;
			sourceTree = "<group>";
		};
		9EFE0852B26AE4148603A3BF /* CityPainterCalendarApp */ = {
			isa = PBXGroup;
			children = (
				E66F61B5C4B1939BFB50C424 /* CityPainterCalendarApp.swift */,
				DC255CFEB193721043F12A85 /* WebCalendarView.swift */,
				81D62EE50A8169662F52331F /* Assets.xcassets */,
			);
			name = CityPainterCalendarApp;
			path = CityPainterCalendarApp;
			sourceTree = "<group>";
		};
		E2F6CAC3E7925B50BDF453A0 /* CityPainterCalendarWidget */ = {
			isa = PBXGroup;
			children = (
				323F26E775BA55F7ACC97054 /* CityPainterCalendarWidget.swift */,
				BCF525044400DC7D925D5E60 /* WidgetModels.swift */,
			);
			name = CityPainterCalendarWidget;
			path = CityPainterCalendarWidget;
			sourceTree = "<group>";
		};
/* End PBXGroup section */

/* Begin PBXNativeTarget section */
		2B484789CC565A5BC0AAB0B8 /* CityPainterCalendarWidget */ = {
			isa = PBXNativeTarget;
			buildConfigurationList = 3C4D4C6EF9817DFEA94817C2 /* Build configuration list for PBXNativeTarget "CityPainterCalendarWidget" */;
			buildPhases = (
				BEAE2B277FB2B55EB13400B1 /* Sources */,
				3A1F1446E57D0FE81E7B1917 /* Frameworks */,
				E152A532B78AE3F607D6E98E /* Resources */,
			);
			buildRules = (
			);
			dependencies = (
			);
			name = CityPainterCalendarWidget;
			productName = CityPainterCalendarWidget;
			productReference = 4D4B0A1E6AF9B1641B042656 /* CityPainterCalendarWidget.appex */;
			productType = "com.apple.product-type.app-extension";
		};
		F19E38CEAA0C0EC831D84B7F /* CityPainterCalendarApp */ = {
			isa = PBXNativeTarget;
			buildConfigurationList = 2E1770CA0EAE92A977F45E87 /* Build configuration list for PBXNativeTarget "CityPainterCalendarApp" */;
			buildPhases = (
				C9AB3AB888B9DD2FF307B2A5 /* Sources */,
				9368E3F18E77317CD1A894F2 /* Frameworks */,
				6FCEC5159A17CA7B634A5473 /* Resources */,
				25C58722D96B148F89CF8532 /* Embed App Extensions */,
			);
			buildRules = (
			);
			dependencies = (
				30F4309D90C4FD9FDFAD22C0 /* PBXTargetDependency */,
			);
			name = CityPainterCalendarApp;
			productName = CityPainterCalendarApp;
			productReference = A0E3AA20F6A376D0EDF4F3EF /* CityPainterCalendarApp.app */;
			productType = "com.apple.product-type.application";
		};
/* End PBXNativeTarget section */

/* Begin PBXProject section */
		DCC245297E2443D2ABDAB4D4 /* Project object */ = {
			isa = PBXProject;
			attributes = {
				LastSwiftUpdateCheck = 1600;
				LastUpgradeCheck = 1600;
			};
			buildConfigurationList = 4BC98498A974351FFE11F744 /* Build configuration list for PBXProject "CityPainterCalendar" */;
			compatibilityVersion = "Xcode 3.2";
			developmentRegion = "zh-Hant";
			hasScannedForEncodings = 0;
			knownRegions = (
				"zh-Hant",
				Base,
			);
			mainGroup = 2826AC16C99336BF04E3CDA6;
			minimizedProjectReferenceProxies = 0;
			preferredProjectObjectVersion = 77;
			productRefGroup = 33DE20873BD54073CA08118A /* Products */;
			projectDirPath = "";
			projectRoot = "";
			targets = (
				F19E38CEAA0C0EC831D84B7F /* CityPainterCalendarApp */,
				2B484789CC565A5BC0AAB0B8 /* CityPainterCalendarWidget */,
			);
		};
/* End PBXProject section */

/* Begin PBXResourcesBuildPhase section */
		6FCEC5159A17CA7B634A5473 /* Resources */ = {
			isa = PBXResourcesBuildPhase;
			buildActionMask = 2147483647;
			files = (
				D5DF6F8CF2EF9C6DB04BAB1E /* Assets.xcassets in Resources */,
			);
			runOnlyForDeploymentPostprocessing = 0;
		};
		E152A532B78AE3F607D6E98E /* Resources */ = {
			isa = PBXResourcesBuildPhase;
			buildActionMask = 2147483647;
			files = (
			);
			runOnlyForDeploymentPostprocessing = 0;
		};
/* End PBXResourcesBuildPhase section */

/* Begin PBXSourcesBuildPhase section */
		BEAE2B277FB2B55EB13400B1 /* Sources */ = {
			isa = PBXSourcesBuildPhase;
			buildActionMask = 2147483647;
			files = (
				343E299DFA9E43D068881DFB /* CityPainterCalendarWidget.swift in Sources */,
				E10D9DFDDDEB0F6959862736 /* WidgetModels.swift in Sources */,
				65047723D75D977DCB150F7B /* WidgetConfig.swift in Sources */,
			);
			runOnlyForDeploymentPostprocessing = 0;
		};
		C9AB3AB888B9DD2FF307B2A5 /* Sources */ = {
			isa = PBXSourcesBuildPhase;
			buildActionMask = 2147483647;
			files = (
				5906A01EFEA8A8A7A4ECD879 /* CityPainterCalendarApp.swift in Sources */,
				C7557BC706E897481F30E072 /* WebCalendarView.swift in Sources */,
				5B5E7E4ECFC5548CD1776891 /* WidgetConfig.swift in Sources */,
			);
			runOnlyForDeploymentPostprocessing = 0;
		};
/* End PBXSourcesBuildPhase section */

/* Begin PBXTargetDependency section */
		30F4309D90C4FD9FDFAD22C0 /* PBXTargetDependency */ = {
			isa = PBXTargetDependency;
			name = CityPainterCalendarWidget;
			target = 2B484789CC565A5BC0AAB0B8 /* CityPainterCalendarWidget */;
			targetProxy = 06658A1B4343A5DF8BCF1F76 /* PBXContainerItemProxy */;
		};
/* End PBXTargetDependency section */

/* Begin XCBuildConfiguration section */
		6CCA7396B0DBC544F65C6333 /* Release */ = {
			isa = XCBuildConfiguration;
			buildSettings = {
				ALWAYS_SEARCH_USER_PATHS = NO;
				CLANG_ANALYZER_NONNULL = YES;
				CLANG_ANALYZER_NUMBER_OBJECT_CONVERSION = YES_AGGRESSIVE;
				CLANG_CXX_LANGUAGE_STANDARD = "gnu++14";
				CLANG_CXX_LIBRARY = "libc++";
				CLANG_ENABLE_MODULES = YES;
				CLANG_ENABLE_OBJC_ARC = YES;
				CLANG_ENABLE_OBJC_WEAK = YES;
				CLANG_WARN_BLOCK_CAPTURE_AUTORELEASING = YES;
				CLANG_WARN_BOOL_CONVERSION = YES;
				CLANG_WARN_COMMA = YES;
				CLANG_WARN_CONSTANT_CONVERSION = YES;
				CLANG_WARN_DEPRECATED_OBJC_IMPLEMENTATIONS = YES;
				CLANG_WARN_DIRECT_OBJC_ISA_USAGE = YES_ERROR;
				CLANG_WARN_DOCUMENTATION_COMMENTS = YES;
				CLANG_WARN_EMPTY_BODY = YES;
				CLANG_WARN_ENUM_CONVERSION = YES;
				CLANG_WARN_INFINITE_RECURSION = YES;
				CLANG_WARN_INT_CONVERSION = YES;
				CLANG_WARN_NON_LITERAL_NULL_CONVERSION = YES;
				CLANG_WARN_OBJC_IMPLICIT_RETAIN_SELF = YES;
				CLANG_WARN_OBJC_LITERAL_CONVERSION = YES;
				CLANG_WARN_OBJC_ROOT_CLASS = YES_ERROR;
				CLANG_WARN_QUOTED_INCLUDE_IN_FRAMEWORK_HEADER = YES;
				CLANG_WARN_RANGE_LOOP_ANALYSIS = YES;
				CLANG_WARN_STRICT_PROTOTYPES = YES;
				CLANG_WARN_SUSPICIOUS_MOVE = YES;
				CLANG_WARN_UNGUARDED_AVAILABILITY = YES_AGGRESSIVE;
				CLANG_WARN_UNREACHABLE_CODE = YES;
				CLANG_WARN__DUPLICATE_METHOD_MATCH = YES;
				COPY_PHASE_STRIP = NO;
				CURRENT_PROJECT_VERSION = 2;
				DEBUG_INFORMATION_FORMAT = "dwarf-with-dsym";
				ENABLE_NS_ASSERTIONS = NO;
				ENABLE_STRICT_OBJC_MSGSEND = YES;
				GCC_C_LANGUAGE_STANDARD = gnu11;
				GCC_NO_COMMON_BLOCKS = YES;
				GCC_WARN_64_TO_32_BIT_CONVERSION = YES;
				GCC_WARN_ABOUT_RETURN_TYPE = YES_ERROR;
				GCC_WARN_UNDECLARED_SELECTOR = YES;
				GCC_WARN_UNINITIALIZED_AUTOS = YES_AGGRESSIVE;
				GCC_WARN_UNUSED_FUNCTION = YES;
				GCC_WARN_UNUSED_VARIABLE = YES;
				IPHONEOS_DEPLOYMENT_TARGET = 17.0;
				MARKETING_VERSION = 0.1.0;
				MTL_ENABLE_DEBUG_INFO = NO;
				MTL_FAST_MATH = YES;
				PRODUCT_NAME = "$(TARGET_NAME)";
				SWIFT_COMPILATION_MODE = wholemodule;
				SWIFT_OPTIMIZATION_LEVEL = "-O";
				SWIFT_VERSION = 5.0;
			};
			name = Release;
		};
		8DE677E3597447659C8C8BA7 /* Release */ = {
			isa = XCBuildConfiguration;
			buildSettings = {
				ASSETCATALOG_COMPILER_GENERATE_SWIFT_ASSET_SYMBOL_EXTENSIONS = YES;
				CLANG_ENABLE_OBJC_WEAK = NO;
				CODE_SIGN_STYLE = Automatic;
				DEVELOPMENT_TEAM = YMV24PTPJ5;
				GENERATE_INFOPLIST_FILE = NO;
				INFOPLIST_FILE = CityPainterCalendarWidget/Info.plist;
				IPHONEOS_DEPLOYMENT_TARGET = 17.0;
				PRODUCT_BUNDLE_IDENTIFIER = com.citypainter.calendar.widget;
				SDKROOT = iphoneos;
				SWIFT_VERSION = 5.0;
				VALIDATE_PRODUCT = YES;
			};
			name = Release;
		};
		A2ED86FB7DBB736E254883F3 /* Release */ = {
			isa = XCBuildConfiguration;
			buildSettings = {
				ASSETCATALOG_COMPILER_APPICON_NAME = AppIcon;
				ASSETCATALOG_COMPILER_GENERATE_SWIFT_ASSET_SYMBOL_EXTENSIONS = YES;
				ASSETCATALOG_COMPILER_GLOBAL_ACCENT_COLOR_NAME = AccentColor;
				CLANG_ENABLE_OBJC_WEAK = NO;
				CODE_SIGN_STYLE = Automatic;
				DEVELOPMENT_TEAM = YMV24PTPJ5;
				GENERATE_INFOPLIST_FILE = NO;
				INFOPLIST_FILE = CityPainterCalendarApp/Info.plist;
				IPHONEOS_DEPLOYMENT_TARGET = 17.0;
				LD_RUNPATH_SEARCH_PATHS = "$(inherited) @executable_path/Frameworks";
				PRODUCT_BUNDLE_IDENTIFIER = com.citypainter.calendar;
				SDKROOT = iphoneos;
				SWIFT_VERSION = 5.0;
				TARGETED_DEVICE_FAMILY = "1,2";
				VALIDATE_PRODUCT = YES;
			};
			name = Release;
		};
		CCC7DF9E9F12506D5A4F4EF7 /* Debug */ = {
			isa = XCBuildConfiguration;
			buildSettings = {
				ASSETCATALOG_COMPILER_GENERATE_SWIFT_ASSET_SYMBOL_EXTENSIONS = YES;
				CLANG_ENABLE_OBJC_WEAK = NO;
				CODE_SIGN_STYLE = Automatic;
				DEVELOPMENT_TEAM = YMV24PTPJ5;
				GENERATE_INFOPLIST_FILE = NO;
				INFOPLIST_FILE = CityPainterCalendarWidget/Info.plist;
				IPHONEOS_DEPLOYMENT_TARGET = 17.0;
				PRODUCT_BUNDLE_IDENTIFIER = com.citypainter.calendar.widget;
				SDKROOT = iphoneos;
				SWIFT_VERSION = 5.0;
			};
			name = Debug;
		};
		CF3155076C6BA448D265FE54 /* Debug */ = {
			isa = XCBuildConfiguration;
			buildSettings = {
				ASSETCATALOG_COMPILER_APPICON_NAME = AppIcon;
				ASSETCATALOG_COMPILER_GENERATE_SWIFT_ASSET_SYMBOL_EXTENSIONS = YES;
				ASSETCATALOG_COMPILER_GLOBAL_ACCENT_COLOR_NAME = AccentColor;
				CLANG_ENABLE_OBJC_WEAK = NO;
				CODE_SIGN_STYLE = Automatic;
				DEVELOPMENT_TEAM = YMV24PTPJ5;
				GENERATE_INFOPLIST_FILE = NO;
				INFOPLIST_FILE = CityPainterCalendarApp/Info.plist;
				IPHONEOS_DEPLOYMENT_TARGET = 17.0;
				LD_RUNPATH_SEARCH_PATHS = "$(inherited) @executable_path/Frameworks";
				PRODUCT_BUNDLE_IDENTIFIER = com.citypainter.calendar;
				SDKROOT = iphoneos;
				SWIFT_VERSION = 5.0;
				TARGETED_DEVICE_FAMILY = "1,2";
			};
			name = Debug;
		};
		FFE2525EBBF907846DCE7357 /* Debug */ = {
			isa = XCBuildConfiguration;
			buildSettings = {
				ALWAYS_SEARCH_USER_PATHS = NO;
				CLANG_ANALYZER_NONNULL = YES;
				CLANG_ANALYZER_NUMBER_OBJECT_CONVERSION = YES_AGGRESSIVE;
				CLANG_CXX_LANGUAGE_STANDARD = "gnu++14";
				CLANG_CXX_LIBRARY = "libc++";
				CLANG_ENABLE_MODULES = YES;
				CLANG_ENABLE_OBJC_ARC = YES;
				CLANG_ENABLE_OBJC_WEAK = YES;
				CLANG_WARN_BLOCK_CAPTURE_AUTORELEASING = YES;
				CLANG_WARN_BOOL_CONVERSION = YES;
				CLANG_WARN_COMMA = YES;
				CLANG_WARN_CONSTANT_CONVERSION = YES;
				CLANG_WARN_DEPRECATED_OBJC_IMPLEMENTATIONS = YES;
				CLANG_WARN_DIRECT_OBJC_ISA_USAGE = YES_ERROR;
				CLANG_WARN_DOCUMENTATION_COMMENTS = YES;
				CLANG_WARN_EMPTY_BODY = YES;
				CLANG_WARN_ENUM_CONVERSION = YES;
				CLANG_WARN_INFINITE_RECURSION = YES;
				CLANG_WARN_INT_CONVERSION = YES;
				CLANG_WARN_NON_LITERAL_NULL_CONVERSION = YES;
				CLANG_WARN_OBJC_IMPLICIT_RETAIN_SELF = YES;
				CLANG_WARN_OBJC_LITERAL_CONVERSION = YES;
				CLANG_WARN_OBJC_ROOT_CLASS = YES_ERROR;
				CLANG_WARN_QUOTED_INCLUDE_IN_FRAMEWORK_HEADER = YES;
				CLANG_WARN_RANGE_LOOP_ANALYSIS = YES;
				CLANG_WARN_STRICT_PROTOTYPES = YES;
				CLANG_WARN_SUSPICIOUS_MOVE = YES;
				CLANG_WARN_UNGUARDED_AVAILABILITY = YES_AGGRESSIVE;
				CLANG_WARN_UNREACHABLE_CODE = YES;
				CLANG_WARN__DUPLICATE_METHOD_MATCH = YES;
				COPY_PHASE_STRIP = NO;
				CURRENT_PROJECT_VERSION = 2;
				DEBUG_INFORMATION_FORMAT = dwarf;
				ENABLE_STRICT_OBJC_MSGSEND = YES;
				ENABLE_TESTABILITY = YES;
				GCC_C_LANGUAGE_STANDARD = gnu11;
				GCC_DYNAMIC_NO_PIC = NO;
				GCC_NO_COMMON_BLOCKS = YES;
				GCC_OPTIMIZATION_LEVEL = 0;
				GCC_PREPROCESSOR_DEFINITIONS = (
					"DEBUG=1",
					"$(inherited)",
				);
				GCC_WARN_64_TO_32_BIT_CONVERSION = YES;
				GCC_WARN_ABOUT_RETURN_TYPE = YES_ERROR;
				GCC_WARN_UNDECLARED_SELECTOR = YES;
				GCC_WARN_UNINITIALIZED_AUTOS = YES_AGGRESSIVE;
				GCC_WARN_UNUSED_FUNCTION = YES;
				GCC_WARN_UNUSED_VARIABLE = YES;
				IPHONEOS_DEPLOYMENT_TARGET = 17.0;
				MARKETING_VERSION = 0.1.0;
				MTL_ENABLE_DEBUG_INFO = INCLUDE_SOURCE;
				MTL_FAST_MATH = YES;
				ONLY_ACTIVE_ARCH = YES;
				PRODUCT_NAME = "$(TARGET_NAME)";
				SWIFT_ACTIVE_COMPILATION_CONDITIONS = DEBUG;
				SWIFT_OPTIMIZATION_LEVEL = "-Onone";
				SWIFT_VERSION = 5.0;
			};
			name = Debug;
		};
/* End XCBuildConfiguration section */

/* Begin XCConfigurationList section */
		2E1770CA0EAE92A977F45E87 /* Build configuration list for PBXNativeTarget "CityPainterCalendarApp" */ = {
			isa = XCConfigurationList;
			buildConfigurations = (
				A2ED86FB7DBB736E254883F3 /* Release */,
				CF3155076C6BA448D265FE54 /* Debug */,
			);
			defaultConfigurationIsVisible = 0;
			defaultConfigurationName = Release;
		};
		3C4D4C6EF9817DFEA94817C2 /* Build configuration list for PBXNativeTarget "CityPainterCalendarWidget" */ = {
			isa = XCConfigurationList;
			buildConfigurations = (
				8DE677E3597447659C8C8BA7 /* Release */,
				CCC7DF9E9F12506D5A4F4EF7 /* Debug */,
			);
			defaultConfigurationIsVisible = 0;
			defaultConfigurationName = Release;
		};
		4BC98498A974351FFE11F744 /* Build configuration list for PBXProject "CityPainterCalendar" */ = {
			isa = XCConfigurationList;
			buildConfigurations = (
				FFE2525EBBF907846DCE7357 /* Debug */,
				6CCA7396B0DBC544F65C6333 /* Release */,
			);
			defaultConfigurationIsVisible = 0;
			defaultConfigurationName = Release;
		};
/* End XCConfigurationList section */
	};
	rootObject = DCC245297E2443D2ABDAB4D4 /* Project object */;
}
